
Microsoft Visual Studio Solution File, Format Version 12.00
# Visual Studio Version 17
VisualStudioVersion = 17.9.34616.47
MinimumVisualStudioVersion = 10.0.40219.1
Project("{FAE04EC0-301F-11D3-BF4B-00C04F79EFBC}") = "TestAPI_TEE", "TestAPI_TEE.csproj", "{2C44C2F1-2B13-41E5-8E2F-6D6E54813AC4}"
EndProject
Global
	GlobalSection(SolutionConfigurationPlatforms) = preSolution
		Debug|Any CPU = Debug|Any CPU
		Release|Any CPU = Release|Any CPU
	EndGlobalSection
	GlobalSection(ProjectConfigurationPlatforms) = postSolution
		{2C44C2F1-2B13-41E5-8E2F-6D6E54813AC4}.Debug|Any CPU.ActiveCfg = Debug|Any CPU
		{2C44C2F1-2B13-41E5-8E2F-6D6E54813AC4}.Debug|Any CPU.Build.0 = Debug|Any CPU
		{2C44C2F1-2B13-41E5-8E2F-6D6E54813AC4}.Release|Any CPU.ActiveCfg = Release|Any CPU
		{2C44C2F1-2B13-41E5-8E2F-6D6E54813AC4}.Release|Any CPU.Build.0 = Release|Any CPU
	EndGlobalSection
	GlobalSection(SolutionProperties) = preSolution
		HideSolutionNode = FALSE
	EndGlobalSection
	GlobalSection(ExtensibilityGlobals) = postSolution
		SolutionGuid = {96B447CE-7360-4524-996B-B7A139481B46}
	EndGlobalSection
EndGlobal
